PATH
  remote: .
  specs:
    spreadsheet_exporter (0.1.3)
      write_xlsx

GEM
  remote: https://rubygems.org/
  specs:
    nkf (0.2.0)
    rubyzip (3.2.2)
    write_xlsx (1.12.3)
      nkf
      rubyzip (>= 2.4.0, < 4.0)

PLATFORMS
  ruby

DEPENDENCIES
  spreadsheet_exporter!

BUNDLED WITH
  4.0.1
